<?xml version="1.0" encoding="utf-8"?>
<Project ToolsVersion="4.0" xmlns="http://schemas.microsoft.com/developer/msbuild/2003">
  <ItemGroup>
    <ClCompile Include="L1.cpp" />
    <ClCompile Include="L10.cpp" />
    <ClCompile Include="L15.cpp" />
    <ClCompile Include="L17.cpp" />
    <ClCompile Include="L2.cpp" />
    <ClCompile Include="L3.cpp" />
    <ClCompile Include="L32.cpp" />
    <ClCompile Include="L4.cpp" />
    <ClCompile Include="L5.cpp" />
    <ClCompile Include="L6.cpp" />
    <ClCompile Include="multi_t.cpp" />
    <ClCompile Include="P1177.cpp" />
    <ClCompile Include="P1226.cpp" />
    <ClCompile Include="P1706.cpp" />
    <ClCompile Include="P2197.cpp" />
    <ClCompile Include="P2384.cpp" />
    <ClCompile Include="P2657.cpp" />
    <ClCompile Include="P3372.cpp" />
    <ClCompile Include="P3374.cpp" />
    <ClCompile Include="P3375.cpp" />
    <ClCompile Include="P3386.cpp" />
    <ClCompile Include="P3812.cpp" />
    <ClCompile Include="P4309.cpp" />
    <ClCompile Include="P4779.cpp" />
    <ClCompile Include="P5788 .cpp" />
    <ClCompile Include="test.cpp" />
    <ClCompile Include="L739.cpp" />
    <ClCompile Include="L647.cpp" />
    <ClCompile Include="L621.cpp" />
    <ClCompile Include="L617.cpp" />
    <ClCompile Include="L581.cpp" />
  </ItemGroup>
</Project>